// !$*UTF8*$!
{
	archiveVersion = 1;
	classes = {
	};
	objectVersion = 46;
	objects = {

/* Begin PBXBuildFile section */
		A6FD0780CC66FB26AA315C90 /* libPods.a in Frameworks */ = {isa = PBXBuildFile; fileRef = 86D69729A0AFA6031D9FE258 /* libPods.a */; };
		CBC3DE481D6B44D300645B0F /* Guide.storyboard in Resources */ = {isa = PBXBuildFile; fileRef = CBC3DE471D6B44D300645B0F /* Guide.storyboard */; };
		CBC3DE4A1D6B451800645B0F /* GuidePageViewController.swift in Sources */ = {isa = PBXBuildFile; fileRef = CBC3DE491D6B451800645B0F /* GuidePageViewController.swift */; };
		CBC3DE4C1D6B464100645B0F /* GuideContentViewController.swift in Sources */ = {isa = PBXBuildFile; fileRef = CBC3DE4B1D6B464100645B0F /* GuideContentViewController.swift */; };
		CBC3DE5F1D6BC95800645B0F /* GuideInfo.swift in Sources */ = {isa = PBXBuildFile; fileRef = CBC3DE5E1D6BC95800645B0F /* GuideInfo.swift */; };
		CBE3A7611D6D0C7C001C9F68 /* Login.storyboard in Resources */ = {isa = PBXBuildFile; fileRef = CBE3A7601D6D0C7C001C9F68 /* Login.storyboard */; };
		CBE3A7631D6D0C8D001C9F68 /* LoginViewController.swift in Sources */ = {isa = PBXBuildFile; fileRef = CBE3A7621D6D0C8D001C9F68 /* LoginViewController.swift */; };
		CBF67E8A1D5AA644005989C4 /* AppDelegate.swift in Sources */ = {isa = PBXBuildFile; fileRef = CBF67E891D5AA644005989C4 /* AppDelegate.swift */; };
		CBF67E8C1D5AA644005989C4 /* ViewController.swift in Sources */ = {isa = PBXBuildFile; fileRef = CBF67E8B1D5AA644005989C4 /* ViewController.swift */; };
		CBF67E8F1D5AA644005989C4 /* Main.storyboard in Resources */ = {isa = PBXBuildFile; fileRef = CBF67E8D1D5AA644005989C4 /* Main.storyboard */; };
		CBF67E921D5AA644005989C4 /* ThinkMe.xcdatamodeld in Sources */ = {isa = PBXBuildFile; fileRef = CBF67E901D5AA644005989C4 /* ThinkMe.xcdatamodeld */; };
		CBF67E941D5AA644005989C4 /* Assets.xcassets in Resources */ = {isa = PBXBuildFile; fileRef = CBF67E931D5AA644005989C4 /* Assets.xcassets */; };
		CBF67E971D5AA644005989C4 /* LaunchScreen.storyboard in Resources */ = {isa = PBXBuildFile; fileRef = CBF67E951D5AA644005989C4 /* LaunchScreen.storyboard */; };
		CBF67EA21D5AA645005989C4 /* ThinkMeTests.swift in Sources */ = {isa = PBXBuildFile; fileRef = CBF67EA11D5AA645005989C4 /* ThinkMeTests.swift */; };
		CBF67EAD1D5AA645005989C4 /* ThinkMeUITests.swift in Sources */ = {isa = PBXBuildFile; fileRef = CBF67EAC1D5AA645005989C4 /* ThinkMeUITests.swift */; };
/* End PBXBuildFile section */

/* Begin PBXContainerItemProxy section */
		CBF67E9E1D5AA645005989C4 /* PBXContainerItemProxy */ = {
			isa = PBXContainerItemProxy;
			containerPortal = CBF67E7E1D5AA644005989C4 /* Project object */;
			proxyType = 1;
			remoteGlobalIDString = CBF67E851D5AA644005989C4;
			remoteInfo = ThinkMe;
		};
		CBF67EA91D5AA645005989C4 /* PBXContainerItemProxy */ = {
			isa = PBXContainerItemProxy;
			containerPortal = CBF67E7E1D5AA644005989C4 /* Project object */;
			proxyType = 1;
			remoteGlobalIDString = CBF67E851D5AA644005989C4;
			remoteInfo = ThinkMe;
		};
/* End PBXContainerItemProxy section */

/* Begin PBXFileReference section */
		86D69729A0AFA6031D9FE258 /* libPods.a */ = {isa = PBXFileReference; explicitFileType = archive.ar; includeInIndex = 0; path = libPods.a; sourceTree = BUILT_PRODUCTS_DIR; };
		B2F3D8DFD2F26E2CF34ED5B3 /* Pods.release.xcconfig */ = {isa = PBXFileReference; includeInIndex = 1; lastKnownFileType = text.xcconfig; name = Pods.release.xcconfig; path = "Pods/Target Support Files/Pods/Pods.release.xcconfig"; sourceTree = "<group>"; };
		CBC3DE471D6B44D300645B0F /* Guide.storyboard */ = {isa = PBXFileReference; fileEncoding = 4; lastKnownFileType = file.storyboard; path = Guide.storyboard; sourceTree = "<group>"; };
		CBC3DE491D6B451800645B0F /* GuidePageViewController.swift */ = {isa = PBXFileReference; fileEncoding = 4; lastKnownFileType = sourcecode.swift; path = GuidePageViewController.swift; sourceTree = "<group>"; };
		CBC3DE4B1D6B464100645B0F /* GuideContentViewController.swift */ = {isa = PBXFileReference; fileEncoding = 4; lastKnownFileType = sourcecode.swift; path = GuideContentViewController.swift; sourceTree = "<group>"; };
		CBC3DE591D6BC56D00645B0F /* ThinkMe-Bridging-Header.h */ = {isa = PBXFileReference; lastKnownFileType = sourcecode.c.h; path = "ThinkMe-Bridging-Header.h"; sourceTree = "<group>"; };
		CBC3DE5E1D6BC95800645B0F /* GuideInfo.swift */ = {isa = PBXFileReference; fileEncoding = 4; lastKnownFileType = sourcecode.swift; path = GuideInfo.swift; sourceTree = "<group>"; };
		CBE3A7601D6D0C7C001C9F68 /* Login.storyboard */ = {isa = PBXFileReference; fileEncoding = 4; lastKnownFileType = file.storyboard; path = Login.storyboard; sourceTree = "<group>"; };
		CBE3A7621D6D0C8D001C9F68 /* LoginViewController.swift */ = {isa = PBXFileReference; fileEncoding = 4; lastKnownFileType = sourcecode.swift; path = LoginViewController.swift; sourceTree = "<group>"; };
		CBF67E861D5AA644005989C4 /* ThinkMe.app */ = {isa = PBXFileReference; explicitFileType = wrapper.application; includeInIndex = 0; path = ThinkMe.app; sourceTree = BUILT_PRODUCTS_DIR; };
		CBF67E891D5AA644005989C4 /* AppDelegate.swift */ = {isa = PBXFileReference; lastKnownFileType = sourcecode.swift; path = AppDelegate.swift; sourceTree = "<group>"; };
		CBF67E8B1D5AA644005989C4 /* ViewController.swift */ = {isa = PBXFileReference; lastKnownFileType = sourcecode.swift; path = ViewController.swift; sourceTree = "<group>"; };
		CBF67E8E1D5AA644005989C4 /* Base */ = {isa = PBXFileReference; lastKnownFileType = file.storyboard; name = Base; path = Base.lproj/Main.storyboard; sourceTree = "<group>"; };
		CBF67E911D5AA644005989C4 /* ThinkMe.xcdatamodel */ = {isa = PBXFileReference; lastKnownFileType = wrapper.xcdatamodel; path = ThinkMe.xcdatamodel; sourceTree = "<group>"; };
		CBF67E931D5AA644005989C4 /* Assets.xcassets */ = {isa = PBXFileReference; lastKnownFileType = folder.assetcatalog; path = Assets.xcassets; sourceTree = "<group>"; };
		CBF67E961D5AA644005989C4 /* Base */ = {isa = PBXFileReference; lastKnownFileType = file.storyboard; name = Base; path = Base.lproj/LaunchScreen.storyboard; sourceTree = "<group>"; };
		CBF67E981D5AA644005989C4 /* Info.plist */ = {isa = PBXFileReference; lastKnownFileType = text.plist.xml; path = Info.plist; sourceTree = "<group>"; };
		CBF67E9D1D5AA645005989C4 /* ThinkMeTests.xctest */ = {isa = PBXFileReference; explicitFileType = wrapper.cfbundle; includeInIndex = 0; path = ThinkMeTests.xctest; sourceTree = BUILT_PRODUCTS_DIR; };
		CBF67EA11D5AA645005989C4 /* ThinkMeTests.swift */ = {isa = PBXFileReference; lastKnownFileType = sourcecode.swift; path = ThinkMeTests.swift; sourceTree = "<group>"; };
		CBF67EA31D5AA645005989C4 /* Info.plist */ = {isa = PBXFileReference; lastKnownFileType = text.plist.xml; path = Info.plist; sourceTree = "<group>"; };
		CBF67EA81D5AA645005989C4 /* ThinkMeUITests.xctest */ = {isa = PBXFileReference; explicitFileType = wrapper.cfbundle; includeInIndex = 0; path = ThinkMeUITests.xctest; sourceTree = BUILT_PRODUCTS_DIR; };
		CBF67EAC1D5AA645005989C4 /* ThinkMeUITests.swift */ = {isa = PBXFileReference; lastKnownFileType = sourcecode.swift; path = ThinkMeUITests.swift; sourceTree = "<group>"; };
		CBF67EAE1D5AA645005989C4 /* Info.plist */ = {isa = PBXFileReference; lastKnownFileType = text.plist.xml; path = Info.plist; sourceTree = "<group>"; };
		CF69FDDE1E0A136294CD651F /* Pods.debug.xcconfig */ = {isa = PBXFileReference; includeInIndex = 1; lastKnownFileType = text.xcconfig; name = Pods.debug.xcconfig; path = "Pods/Target Support Files/Pods/Pods.debug.xcconfig"; sourceTree = "<group>"; };
/* End PBXFileReference section */

/* Begin PBXFrameworksBuildPhase section */
		CBF67E831D5AA644005989C4 /* Frameworks */ = {
			isa = PBXFrameworksBuildPhase;
			buildActionMask = 2147483647;
			files = (
				A6FD0780CC66FB26AA315C90 /* libPods.a in Frameworks */,
			);
			runOnlyForDeploymentPostprocessing = 0;
		};
		CBF67E9A1D5AA645005989C4 /* Frameworks */ = {
			isa = PBXFrameworksBuildPhase;
			buildActionMask = 2147483647;
			files = (
			);
			runOnlyForDeploymentPostprocessing = 0;
		};
		CBF67EA51D5AA645005989C4 /* Frameworks */ = {
			isa = PBXFrameworksBuildPhase;
			buildActionMask = 2147483647;
			files = (
			);
			runOnlyForDeploymentPostprocessing = 0;
		};
/* End PBXFrameworksBuildPhase section */

/* Begin PBXGroup section */
		BB6FF7098D0B5DFC010031EF /* Pods */ = {
			isa = PBXGroup;
			children = (
				CF69FDDE1E0A136294CD651F /* Pods.debug.xcconfig */,
				B2F3D8DFD2F26E2CF34ED5B3 /* Pods.release.xcconfig */,
			);
			name = Pods;
			sourceTree = "<group>";
		};
		CBC3DE451D6B44A700645B0F /* StoryBoard */ = {
			isa = PBXGroup;
			children = (
				CBF67E951D5AA644005989C4 /* LaunchScreen.storyboard */,
				CBF67E8D1D5AA644005989C4 /* Main.storyboard */,
				CBC3DE471D6B44D300645B0F /* Guide.storyboard */,
				CBE3A7601D6D0C7C001C9F68 /* Login.storyboard */,
			);
			name = StoryBoard;
			sourceTree = "<group>";
		};
		CBC3DE461D6B44B500645B0F /* Controller */ = {
			isa = PBXGroup;
			children = (
				CBF67E8B1D5AA644005989C4 /* ViewController.swift */,
				CBC3DE491D6B451800645B0F /* GuidePageViewController.swift */,
				CBC3DE4B1D6B464100645B0F /* GuideContentViewController.swift */,
				CBE3A7621D6D0C8D001C9F68 /* LoginViewController.swift */,
			);
			name = Controller;
			sourceTree = "<group>";
		};
		CBC3DE551D6BBE1E00645B0F /* Data */ = {
			isa = PBXGroup;
			children = (
			);
			name = Data;
			sourceTree = "<group>";
		};
		CBC3DE561D6BBE2200645B0F /* Common */ = {
			isa = PBXGroup;
			children = (
			);
			name = Common;
			sourceTree = "<group>";
		};
		CBC3DE571D6BBE2900645B0F /* 3nd Party */ = {
			isa = PBXGroup;
			children = (
			);
			name = "3nd Party";
			sourceTree = "<group>";
		};
		CBC3DE581D6BBFF800645B0F /* Playground */ = {
			isa = PBXGroup;
			children = (
				CBC3DE5E1D6BC95800645B0F /* GuideInfo.swift */,
			);
			name = Playground;
			sourceTree = "<group>";
		};
		CBF67E7D1D5AA644005989C4 = {
			isa = PBXGroup;
			children = (
				CBF67E881D5AA644005989C4 /* ThinkMe */,
				CBF67EA01D5AA645005989C4 /* ThinkMeTests */,
				CBF67EAB1D5AA645005989C4 /* ThinkMeUITests */,
				CBF67E871D5AA644005989C4 /* Products */,
				BB6FF7098D0B5DFC010031EF /* Pods */,
				EBB37BF4689D05EDC98EB454 /* Frameworks */,
			);
			sourceTree = "<group>";
		};
		CBF67E871D5AA644005989C4 /* Products */ = {
			isa = PBXGroup;
			children = (
				CBF67E861D5AA644005989C4 /* ThinkMe.app */,
				CBF67E9D1D5AA645005989C4 /* ThinkMeTests.xctest */,
				CBF67EA81D5AA645005989C4 /* ThinkMeUITests.xctest */,
			);
			name = Products;
			sourceTree = "<group>";
		};
		CBF67E881D5AA644005989C4 /* ThinkMe */ = {
			isa = PBXGroup;
			children = (
				CBC3DE581D6BBFF800645B0F /* Playground */,
				CBC3DE571D6BBE2900645B0F /* 3nd Party */,
				CBC3DE561D6BBE2200645B0F /* Common */,
				CBC3DE551D6BBE1E00645B0F /* Data */,
				CBC3DE461D6B44B500645B0F /* Controller */,
				CBC3DE451D6B44A700645B0F /* StoryBoard */,
				CBF67E891D5AA644005989C4 /* AppDelegate.swift */,
				CBF67E931D5AA644005989C4 /* Assets.xcassets */,
				CBF67E981D5AA644005989C4 /* Info.plist */,
				CBF67E901D5AA644005989C4 /* ThinkMe.xcdatamodeld */,
				CBC3DE591D6BC56D00645B0F /* ThinkMe-Bridging-Header.h */,
			);
			path = ThinkMe;
			sourceTree = "<group>";
		};
		CBF67EA01D5AA645005989C4 /* ThinkMeTests */ = {
			isa = PBXGroup;
			children = (
				CBF67EA11D5AA645005989C4 /* ThinkMeTests.swift */,
				CBF67EA31D5AA645005989C4 /* Info.plist */,
			);
			path = ThinkMeTests;
			sourceTree = "<group>";
		};
		CBF67EAB1D5AA645005989C4 /* ThinkMeUITests */ = {
			isa = PBXGroup;
			children = (
				CBF67EAC1D5AA645005989C4 /* ThinkMeUITests.swift */,
				CBF67EAE1D5AA645005989C4 /* Info.plist */,
			);
			path = ThinkMeUITests;
			sourceTree = "<group>";
		};
		EBB37BF4689D05EDC98EB454 /* Frameworks */ = {
			isa = PBXGroup;
			children = (
				86D69729A0AFA6031D9FE258 /* libPods.a */,
			);
			name = Frameworks;
			sourceTree = "<group>";
		};
/* End PBXGroup section */

/* Begin PBXNativeTarget section */
		CBF67E851D5AA644005989C4 /* ThinkMe */ = {
			isa = PBXNativeTarget;
			buildConfigurationList = CBF67EB11D5AA645005989C4 /* Build configuration list for PBXNativeTarget "ThinkMe" */;
			buildPhases = (
				026AEC57EE81E76B24FEC5BB /* Check Pods Manifest.lock */,
				CBF67E821D5AA644005989C4 /* Sources */,
				CBF67E831D5AA644005989C4 /* Frameworks */,
				CBF67E841D5AA644005989C4 /* Resources */,
				9F82DE65D86D08B74889D988 /* Embed Pods Frameworks */,
				4B203C55061C59A38AC6B45B /* Copy Pods Resources */,
			);
			buildRules = (
			);
			dependencies = (
			);
			name = ThinkMe;
			productName = ThinkMe;
			productReference = CBF67E861D5AA644005989C4 /* ThinkMe.app */;
			productType = "com.apple.product-type.application";
		};
		CBF67E9C1D5AA645005989C4 /* ThinkMeTests */ = {
			isa = PBXNativeTarget;
			buildConfigurationList = CBF67EB41D5AA645005989C4 /* Build configuration list for PBXNativeTarget "ThinkMeTests" */;
			buildPhases = (
				CBF67E991D5AA645005989C4 /* Sources */,
				CBF67E9A1D5AA645005989C4 /* Frameworks */,
				CBF67E9B1D5AA645005989C4 /* Resources */,
			);
			buildRules = (
			);
			dependencies = (
				CBF67E9F1D5AA645005989C4 /* PBXTargetDependency */,
			);
			name = ThinkMeTests;
			productName = ThinkMeTests;
			productReference = CBF67E9D1D5AA645005989C4 /* ThinkMeTests.xctest */;
			productType = "com.apple.product-type.bundle.unit-test";
		};
		CBF67EA71D5AA645005989C4 /* ThinkMeUITests */ = {
			isa = PBXNativeTarget;
			buildConfigurationList = CBF67EB71D5AA645005989C4 /* Build configuration list for PBXNativeTarget "ThinkMeUITests" */;
			buildPhases = (
				CBF67EA41D5AA645005989C4 /* Sources */,
				CBF67EA51D5AA645005989C4 /* Frameworks */,
				CBF67EA61D5AA645005989C4 /* Resources */,
			);
			buildRules = (
			);
			dependencies = (
				CBF67EAA1D5AA645005989C4 /* PBXTargetDependency */,
			);
			name = ThinkMeUITests;
			productName = ThinkMeUITests;
			productReference = CBF67EA81D5AA645005989C4 /* ThinkMeUITests.xctest */;
			productType = "com.apple.product-type.bundle.ui-testing";
		};
/* End PBXNativeTarget section */

/* Begin PBXProject section */
		CBF67E7E1D5AA644005989C4 /* Project object */ = {
			isa = PBXProject;
			attributes = {
				LastSwiftUpdateCheck = 0730;
				LastUpgradeCheck = 0730;
				ORGANIZATIONNAME = gsunis;
				TargetAttributes = {
					CBF67E851D5AA644005989C4 = {
						CreatedOnToolsVersion = 7.3.1;
						DevelopmentTeam = W7V5DQXFK8;
					};
					CBF67E9C1D5AA645005989C4 = {
						CreatedOnToolsVersion = 7.3.1;
						DevelopmentTeam = W7V5DQXFK8;
						TestTargetID = CBF67E851D5AA644005989C4;
					};
					CBF67EA71D5AA645005989C4 = {
						CreatedOnToolsVersion = 7.3.1;
						DevelopmentTeam = W7V5DQXFK8;
						TestTargetID = CBF67E851D5AA644005989C4;
					};
				};
			};
			buildConfigurationList = CBF67E811D5AA644005989C4 /* Build configuration list for PBXProject "ThinkMe" */;
			compatibilityVersion = "Xcode 3.2";
			developmentRegion = English;
			hasScannedForEncodings = 0;
			knownRegions = (
				en,
				Base,
			);
			mainGroup = CBF67E7D1D5AA644005989C4;
			productRefGroup = CBF67E871D5AA644005989C4 /* Products */;
			projectDirPath = "";
			projectRoot = "";
			targets = (
				CBF67E851D5AA644005989C4 /* ThinkMe */,
				CBF67E9C1D5AA645005989C4 /* ThinkMeTests */,
				CBF67EA71D5AA645005989C4 /* ThinkMeUITests */,
			);
		};
/* End PBXProject section */

/* Begin PBXResourcesBuildPhase section */
		CBF67E841D5AA644005989C4 /* Resources */ = {
			isa = PBXResourcesBuildPhase;
			buildActionMask = 2147483647;
			files = (
				CBF67E971D5AA644005989C4 /* LaunchScreen.storyboard in Resources */,
				CBC3DE481D6B44D300645B0F /* Guide.storyboard in Resources */,
				CBF67E941D5AA644005989C4 /* Assets.xcassets in Resources */,
				CBE3A7611D6D0C7C001C9F68 /* Login.storyboard in Resources */,
				CBF67E8F1D5AA644005989C4 /* Main.storyboard in Resources */,
			);
			runOnlyForDeploymentPostprocessing = 0;
		};
		CBF67E9B1D5AA645005989C4 /* Resources */ = {
			isa = PBXResourcesBuildPhase;
			buildActionMask = 2147483647;
			files = (
			);
			runOnlyForDeploymentPostprocessing = 0;
		};
		CBF67EA61D5AA645005989C4 /* Resources */ = {
			isa = PBXResourcesBuildPhase;
			buildActionMask = 2147483647;
			files = (
			);
			runOnlyForDeploymentPostprocessing = 0;
		};
/* End PBXResourcesBuildPhase section */

/* Begin PBXShellScriptBuildPhase section */
		026AEC57EE81E76B24FEC5BB /* Check Pods Manifest.lock */ = {
			isa = PBXShellScriptBuildPhase;
			buildActionMask = 2147483647;
			files = (
			);
			inputPaths = (
			);
			name = "Check Pods Manifest.lock";
			outputPaths = (
			);
			runOnlyForDeploymentPostprocessing = 0;
			shellPath = /bin/sh;
			shellScript = "diff \"${PODS_ROOT}/../Podfile.lock\" \"${PODS_ROOT}/Manifest.lock\" > /dev/null\nif [[ $? != 0 ]] ; then\n    cat << EOM\nerror: The sandbox is not in sync with the Podfile.lock. Run 'pod install' or update your CocoaPods installation.\nEOM\n    exit 1\nfi\n";
			showEnvVarsInLog = 0;
		};
		4B203C55061C59A38AC6B45B /* Copy Pods Resources */ = {
			isa = PBXShellScriptBuildPhase;
			buildActionMask = 2147483647;
			files = (
			);
			inputPaths = (
			);
			name = "Copy Pods Resources";
			outputPaths = (
			);
			runOnlyForDeploymentPostprocessing = 0;
			shellPath = /bin/sh;
			shellScript = "\"${SRCROOT}/Pods/Target Support Files/Pods/Pods-resources.sh\"\n";
			showEnvVarsInLog = 0;
		};
		9F82DE65D86D08B74889D988 /* Embed Pods Frameworks */ = {
			isa = PBXShellScriptBuildPhase;
			buildActionMask = 2147483647;
			files = (
			);
			inputPaths = (
			);
			name = "Embed Pods Frameworks";
			outputPaths = (
			);
			runOnlyForDeploymentPostprocessing = 0;
			shellPath = /bin/sh;
			shellScript = "\"${SRCROOT}/Pods/Target Support Files/Pods/Pods-frameworks.sh\"\n";
			showEnvVarsInLog = 0;
		};
/* End PBXShellScriptBuildPhase section */

/* Begin PBXSourcesBuildPhase section */
		CBF67E821D5AA644005989C4 /* Sources */ = {
			isa = PBXSourcesBuildPhase;
			buildActionMask = 2147483647;
			files = (
				CBE3A7631D6D0C8D001C9F68 /* LoginViewController.swift in Sources */,
				CBC3DE5F1D6BC95800645B0F /* GuideInfo.swift in Sources */,
				CBF67E8C1D5AA644005989C4 /* ViewController.swift in Sources */,
				CBF67E8A1D5AA644005989C4 /* AppDelegate.swift in Sources */,
				CBC3DE4C1D6B464100645B0F /* GuideContentViewController.swift in Sources */,
				CBC3DE4A1D6B451800645B0F /* GuidePageViewController.swift in Sources */,
				CBF67E921D5AA644005989C4 /* ThinkMe.xcdatamodeld in Sources */,
			);
			runOnlyForDeploymentPostprocessing = 0;
		};
		CBF67E991D5AA645005989C4 /* Sources */ = {
			isa = PBXSourcesBuildPhase;
			buildActionMask = 2147483647;
			files = (
				CBF67EA21D5AA645005989C4 /* ThinkMeTests.swift in Sources */,
			);
			runOnlyForDeploymentPostprocessing = 0;
		};
		CBF67EA41D5AA645005989C4 /* Sources */ = {
			isa = PBXSourcesBuildPhase;
			buildActionMask = 2147483647;
			files = (
				CBF67EAD1D5AA645005989C4 /* ThinkMeUITests.swift in Sources */,
			);
			runOnlyForDeploymentPostprocessing = 0;
		};
/* End PBXSourcesBuildPhase section */

/* Begin PBXTargetDependency section */
		CBF67E9F1D5AA645005989C4 /* PBXTargetDependency */ = {
			isa = PBXTargetDependency;
			target = CBF67E851D5AA644005989C4 /* ThinkMe */;
			targetProxy = CBF67E9E1D5AA645005989C4 /* PBXContainerItemProxy */;
		};
		CBF67EAA1D5AA645005989C4 /* PBXTargetDependency */ = {
			isa = PBXTargetDependency;
			target = CBF67E851D5AA644005989C4 /* ThinkMe */;
			targetProxy = CBF67EA91D5AA645005989C4 /* PBXContainerItemProxy */;
		};
/* End PBXTargetDependency section */

/* Begin PBXVariantGroup section */
		CBF67E8D1D5AA644005989C4 /* Main.storyboard */ = {
			isa = PBXVariantGroup;
			children = (
				CBF67E8E1D5AA644005989C4 /* Base */,
			);
			name = Main.storyboard;
			sourceTree = "<group>";
		};
		CBF67E951D5AA644005989C4 /* LaunchScreen.storyboard */ = {
			isa = PBXVariantGroup;
			children = (
				CBF67E961D5AA644005989C4 /* Base */,
			);
			name = LaunchScreen.storyboard;
			sourceTree = "<group>";
		};
/* End PBXVariantGroup section */

/* Begin XCBuildConfiguration section */
		CBF67EAF1D5AA645005989C4 /* Debug */ = {
			isa = XCBuildConfiguration;
			buildSettings = {
				ALWAYS_SEARCH_USER_PATHS = NO;
				CLANG_ANALYZER_NONNULL = YES;
				CLANG_CXX_LANGUAGE_STANDARD = "gnu++0x";
				CLANG_CXX_LIBRARY = "libc++";
				CLANG_ENABLE_MODULES = YES;
				CLANG_ENABLE_OBJC_ARC = YES;
				CLANG_WARN_BOOL_CONVERSION = YES;
				CLANG_WARN_CONSTANT_CONVERSION = YES;
				CLANG_WARN_DIRECT_OBJC_ISA_USAGE = YES_ERROR;
				CLANG_WARN_EMPTY_BODY = YES;
				CLANG_WARN_ENUM_CONVERSION = YES;
				CLANG_WARN_INT_CONVERSION = YES;
				CLANG_WARN_OBJC_ROOT_CLASS = YES_ERROR;
				CLANG_WARN_UNREACHABLE_CODE = YES;
				CLANG_WARN__DUPLICATE_METHOD_MATCH = YES;
				"CODE_SIGN_IDENTITY[sdk=iphoneos*]" = "iPhone Developer";
				COPY_PHASE_STRIP = NO;
				DEBUG_INFORMATION_FORMAT = dwarf;
				ENABLE_STRICT_OBJC_MSGSEND = YES;
				ENABLE_TESTABILITY = YES;
				GCC_C_LANGUAGE_STANDARD = gnu99;
				GCC_DYNAMIC_NO_PIC = NO;
				GCC_NO_COMMON_BLOCKS = YES;
				GCC_OPTIMIZATION_LEVEL = 0;
				GCC_PREPROCESSOR_DEFINITIONS = (
					"DEBUG=1",
					"$(inherited)",
				);
				GCC_WARN_64_TO_32_BIT_CONVERSION = YES;
				GCC_WARN_ABOUT_RETURN_TYPE = YES_ERROR;
				GCC_WARN_UNDECLARED_SELECTOR = YES;
				GCC_WARN_UNINITIALIZED_AUTOS = YES_AGGRESSIVE;
				GCC_WARN_UNUSED_FUNCTION = YES;
				GCC_WARN_UNUSED_VARIABLE = YES;
				IPHONEOS_DEPLOYMENT_TARGET = 9.3;
				MTL_ENABLE_DEBUG_INFO = YES;
				ONLY_ACTIVE_ARCH = YES;
				SDKROOT = iphoneos;
				SWIFT_OPTIMIZATION_LEVEL = "-Onone";
				TARGETED_DEVICE_FAMILY = "1,2";
			};
			name = Debug;
		};
		CBF67EB01D5AA645005989C4 /* Release */ = {
			isa = XCBuildConfiguration;
			buildSettings = {
				ALWAYS_SEARCH_USER_PATHS = NO;
				CLANG_ANALYZER_NONNULL = YES;
				CLANG_CXX_LANGUAGE_STANDARD = "gnu++0x";
				CLANG_CXX_LIBRARY = "libc++";
				CLANG_ENABLE_MODULES = YES;
				CLANG_ENABLE_OBJC_ARC = YES;
				CLANG_WARN_BOOL_CONVERSION = YES;
				CLANG_WARN_CONSTANT_CONVERSION = YES;
				CLANG_WARN_DIRECT_OBJC_ISA_USAGE = YES_ERROR;
				CLANG_WARN_EMPTY_BODY = YES;
				CLANG_WARN_ENUM_CONVERSION = YES;
				CLANG_WARN_INT_CONVERSION = YES;
				CLANG_WARN_OBJC_ROOT_CLASS = YES_ERROR;
				CLANG_WARN_UNREACHABLE_CODE = YES;
				CLANG_WARN__DUPLICATE_METHOD_MATCH = YES;
				"CODE_SIGN_IDENTITY[sdk=iphoneos*]" = "iPhone Developer";
				COPY_PHASE_STRIP = NO;
				DEBUG_INFORMATION_FORMAT = "dwarf-with-dsym";
				ENABLE_NS_ASSERTIONS = NO;
				ENABLE_STRICT_OBJC_MSGSEND = YES;
				GCC_C_LANGUAGE_STANDARD = gnu99;
				GCC_NO_COMMON_BLOCKS = YES;
				GCC_WARN_64_TO_32_BIT_CONVERSION = YES;
				GCC_WARN_ABOUT_RETURN_TYPE = YES_ERROR;
				GCC_WARN_UNDECLARED_SELECTOR = YES;
				GCC_WARN_UNINITIALIZED_AUTOS = YES_AGGRESSIVE;
				GCC_WARN_UNUSED_FUNCTION = YES;
				GCC_WARN_UNUSED_VARIABLE = YES;
				IPHONEOS_DEPLOYMENT_TARGET = 9.3;
				MTL_ENABLE_DEBUG_INFO = NO;
				SDKROOT = iphoneos;
				TARGETED_DEVICE_FAMILY = "1,2";
				VALIDATE_PRODUCT = YES;
			};
			name = Release;
		};
		CBF67EB21D5AA645005989C4 /* Debug */ = {
			isa = XCBuildConfiguration;
			baseConfigurationReference = CF69FDDE1E0A136294CD651F /* Pods.debug.xcconfig */;
			buildSettings = {
				ASSETCATALOG_COMPILER_APPICON_NAME = AppIcon;
				CLANG_ENABLE_MODULES = YES;
				INFOPLIST_FILE = ThinkMe/Info.plist;
				LD_RUNPATH_SEARCH_PATHS = "$(inherited) @executable_path/Frameworks";
				PRODUCT_BUNDLE_IDENTIFIER = com.gsunis.ThinkMe;
				PRODUCT_NAME = "$(TARGET_NAME)";
				SWIFT_OBJC_BRIDGING_HEADER = "ThinkMe/ThinkMe-Bridging-Header.h";
				SWIFT_OPTIMIZATION_LEVEL = "-Onone";
			};
			name = Debug;
		};
		CBF67EB31D5AA645005989C4 /* Release */ = {
			isa = XCBuildConfiguration;
			baseConfigurationReference = B2F3D8DFD2F26E2CF34ED5B3 /* Pods.release.xcconfig */;
			buildSettings = {
				ASSETCATALOG_COMPILER_APPICON_NAME = AppIcon;
				CLANG_ENABLE_MODULES = YES;
				INFOPLIST_FILE = ThinkMe/Info.plist;
				LD_RUNPATH_SEARCH_PATHS = "$(inherited) @executable_path/Frameworks";
				PRODUCT_BUNDLE_IDENTIFIER = com.gsunis.ThinkMe;
				PRODUCT_NAME = "$(TARGET_NAME)";
				SWIFT_OBJC_BRIDGING_HEADER = "ThinkMe/ThinkMe-Bridging-Header.h";
			};
			name = Release;
		};
		CBF67EB51D5AA645005989C4 /* Debug */ = {
			isa = XCBuildConfiguration;
			buildSettings = {
				BUNDLE_LOADER = "$(TEST_HOST)";
				INFOPLIST_FILE = ThinkMeTests/Info.plist;
				LD_RUNPATH_SEARCH_PATHS = "$(inherited) @executable_path/Frameworks @loader_path/Frameworks";
				PRODUCT_BUNDLE_IDENTIFIER = com.gsunis.ThinkMeTests;
				PRODUCT_NAME = "$(TARGET_NAME)";
				TEST_HOST = "$(BUILT_PRODUCTS_DIR)/ThinkMe.app/ThinkMe";
			};
			name = Debug;
		};
		CBF67EB61D5AA645005989C4 /* Release */ = {
			isa = XCBuildConfiguration;
			buildSettings = {
				BUNDLE_LOADER = "$(TEST_HOST)";
				INFOPLIST_FILE = ThinkMeTests/Info.plist;
				LD_RUNPATH_SEARCH_PATHS = "$(inherited) @executable_path/Frameworks @loader_path/Frameworks";
				PRODUCT_BUNDLE_IDENTIFIER = com.gsunis.ThinkMeTests;
				PRODUCT_NAME = "$(TARGET_NAME)";
				TEST_HOST = "$(BUILT_PRODUCTS_DIR)/ThinkMe.app/ThinkMe";
			};
			name = Release;
		};
		CBF67EB81D5AA645005989C4 /* Debug */ = {
			isa = XCBuildConfiguration;
			buildSettings = {
				INFOPLIST_FILE = ThinkMeUITests/Info.plist;
				LD_RUNPATH_SEARCH_PATHS = "$(inherited) @executable_path/Frameworks @loader_path/Frameworks";
				PRODUCT_BUNDLE_IDENTIFIER = com.gsunis.ThinkMeUITests;
				PRODUCT_NAME = "$(TARGET_NAME)";
				TEST_TARGET_NAME = ThinkMe;
			};
			name = Debug;
		};
		CBF67EB91D5AA645005989C4 /* Release */ = {
			isa = XCBuildConfiguration;
			buildSettings = {
				INFOPLIST_FILE = ThinkMeUITests/Info.plist;
				LD_RUNPATH_SEARCH_PATHS = "$(inherited) @executable_path/Frameworks @loader_path/Frameworks";
				PRODUCT_BUNDLE_IDENTIFIER = com.gsunis.ThinkMeUITests;
				PRODUCT_NAME = "$(TARGET_NAME)";
				TEST_TARGET_NAME = ThinkMe;
			};
			name = Release;
		};
/* End XCBuildConfiguration section */

/* Begin XCConfigurationList section */
		CBF67E811D5AA644005989C4 /* Build configuration list for PBXProject "ThinkMe" */ = {
			isa = XCConfigurationList;
			buildConfigurations = (
				CBF67EAF1D5AA645005989C4 /* Debug */,
				CBF67EB01D5AA645005989C4 /* Release */,
			);
			defaultConfigurationIsVisible = 0;
			defaultConfigurationName = Release;
		};
		CBF67EB11D5AA645005989C4 /* Build configuration list for PBXNativeTarget "ThinkMe" */ = {
			isa = XCConfigurationList;
			buildConfigurations = (
				CBF67EB21D5AA645005989C4 /* Debug */,
				CBF67EB31D5AA645005989C4 /* Release */,
			);
			defaultConfigurationIsVisible = 0;
			defaultConfigurationName = Release;
		};
		CBF67EB41D5AA645005989C4 /* Build configuration list for PBXNativeTarget "ThinkMeTests" */ = {
			isa = XCConfigurationList;
			buildConfigurations = (
				CBF67EB51D5AA645005989C4 /* Debug */,
				CBF67EB61D5AA645005989C4 /* Release */,
			);
			defaultConfigurationIsVisible = 0;
			defaultConfigurationName = Release;
		};
		CBF67EB71D5AA645005989C4 /* Build configuration list for PBXNativeTarget "ThinkMeUITests" */ = {
			isa = XCConfigurationList;
			buildConfigurations = (
				CBF67EB81D5AA645005989C4 /* Debug */,
				CBF67EB91D5AA645005989C4 /* Release */,
			);
			defaultConfigurationIsVisible = 0;
			defaultConfigurationName = Release;
		};
/* End XCConfigurationList section */

/* Begin XCVersionGroup section */
		CBF67E901D5AA644005989C4 /* ThinkMe.xcdatamodeld */ = {
			isa = XCVersionGroup;
			children = (
				CBF67E911D5AA644005989C4 /* ThinkMe.xcdatamodel */,
			);
			currentVersion = CBF67E911D5AA644005989C4 /* ThinkMe.xcdatamodel */;
			path = ThinkMe.xcdatamodeld;
			sourceTree = "<group>";
			versionGroupType = wrapper.xcdatamodel;
		};
/* End XCVersionGroup section */
	};
	rootObject = CBF67E7E1D5AA644005989C4 /* Project object */;
}
